{
    "hash": "0673319feeed3932e0cbc9a35d5454cf",
    "packages": [
        {
            "package": "zendframework/zendframework",
            "version": "dev-master",
            "source-reference": "release-2.0.0beta4",
            "alias-pretty-version": "2.0.x-dev",
            "alias-version": "2.0.9999999.9999999-dev"
        },
        {
            "package": "zendframework/zendframework",
            "version": "dev-master",
            "source-reference": "release-2.0.0beta4"
        }
    ],
    "packages-dev": null,
    "aliases": [

    ],
    "minimum-stability": "dev",
    "stability-flags": {
        "zendframework/zendframework": 20
    }
}
